# This file is generated by running "yarn install" inside your project.
# Manual changes might be lost - proceed with caution!

__metadata:
  version: 8
  cacheKey: 10c0

"@emnapi/runtime@npm:^1.2.0":
  version: 1.3.1
  resolution: "@emnapi/runtime@npm:1.3.1"
  dependencies:
    tslib: "npm:^2.4.0"
  checksum: 10c0/060ffede50f1b619c15083312b80a9e62a5b0c87aa8c1b54854c49766c9d69f8d1d3d87bd963a647071263a320db41b25eaa50b74d6a80dcc763c23dbeaafd6c
  languageName: node
  linkType: hard

"@img/sharp-darwin-arm64@npm:0.33.5":
  version: 0.33.5
  resolution: "@img/sharp-darwin-arm64@npm:0.33.5"
  dependencies:
    "@img/sharp-libvips-darwin-arm64": "npm:1.0.4"
  dependenciesMeta:
    "@img/sharp-libvips-darwin-arm64":
      optional: true
  conditions: os=darwin & cpu=arm64
  languageName: node
  linkType: hard

"@img/sharp-darwin-x64@npm:0.33.5":
  version: 0.33.5
  resolution: "@img/sharp-darwin-x64@npm:0.33.5"
  dependencies:
    "@img/sharp-libvips-darwin-x64": "npm:1.0.4"
  dependenciesMeta:
    "@img/sharp-libvips-darwin-x64":
      optional: true
  conditions: os=darwin & cpu=x64
  languageName: node
  linkType: hard

"@img/sharp-libvips-darwin-arm64@npm:1.0.4":
  version: 1.0.4
  resolution: "@img/sharp-libvips-darwin-arm64@npm:1.0.4"
  conditions: os=darwin & cpu=arm64
  languageName: node
  linkType: hard

"@img/sharp-libvips-darwin-x64@npm:1.0.4":
  version: 1.0.4
  resolution: "@img/sharp-libvips-darwin-x64@npm:1.0.4"
  conditions: os=darwin & cpu=x64
  languageName: node
  linkType: hard

"@img/sharp-libvips-linux-arm64@npm:1.0.4":
  version: 1.0.4
  resolution: "@img/sharp-libvips-linux-arm64@npm:1.0.4"
  conditions: os=linux & cpu=arm64 & libc=glibc
  languageName: node
  linkType: hard

"@img/sharp-libvips-linux-arm@npm:1.0.5":
  version: 1.0.5
  resolution: "@img/sharp-libvips-linux-arm@npm:1.0.5"
  conditions: os=linux & cpu=arm & libc=glibc
  languageName: node
  linkType: hard

"@img/sharp-libvips-linux-s390x@npm:1.0.4":
  version: 1.0.4
  resolution: "@img/sharp-libvips-linux-s390x@npm:1.0.4"
  conditions: os=linux & cpu=s390x & libc=glibc
  languageName: node
  linkType: hard

"@img/sharp-libvips-linux-x64@npm:1.0.4":
  version: 1.0.4
  resolution: "@img/sharp-libvips-linux-x64@npm:1.0.4"
  conditions: os=linux & cpu=x64 & libc=glibc
  languageName: node
  linkType: hard

"@img/sharp-libvips-linuxmusl-arm64@npm:1.0.4":
  version: 1.0.4
  resolution: "@img/sharp-libvips-linuxmusl-arm64@npm:1.0.4"
  conditions: os=linux & cpu=arm64 & libc=musl
  languageName: node
  linkType: hard

"@img/sharp-libvips-linuxmusl-x64@npm:1.0.4":
  version: 1.0.4
  resolution: "@img/sharp-libvips-linuxmusl-x64@npm:1.0.4"
  conditions: os=linux & cpu=x64 & libc=musl
  languageName: node
  linkType: hard

"@img/sharp-linux-arm64@npm:0.33.5":
  version: 0.33.5
  resolution: "@img/sharp-linux-arm64@npm:0.33.5"
  dependencies:
    "@img/sharp-libvips-linux-arm64": "npm:1.0.4"
  dependenciesMeta:
    "@img/sharp-libvips-linux-arm64":
      optional: true
  conditions: os=linux & cpu=arm64 & libc=glibc
  languageName: node
  linkType: hard

"@img/sharp-linux-arm@npm:0.33.5":
  version: 0.33.5
  resolution: "@img/sharp-linux-arm@npm:0.33.5"
  dependencies:
    "@img/sharp-libvips-linux-arm": "npm:1.0.5"
  dependenciesMeta:
    "@img/sharp-libvips-linux-arm":
      optional: true
  conditions: os=linux & cpu=arm & libc=glibc
  languageName: node
  linkType: hard

"@img/sharp-linux-s390x@npm:0.33.5":
  version: 0.33.5
  resolution: "@img/sharp-linux-s390x@npm:0.33.5"
  dependencies:
    "@img/sharp-libvips-linux-s390x": "npm:1.0.4"
  dependenciesMeta:
    "@img/sharp-libvips-linux-s390x":
      optional: true
  conditions: os=linux & cpu=s390x & libc=glibc
  languageName: node
  linkType: hard

"@img/sharp-linux-x64@npm:0.33.5":
  version: 0.33.5
  resolution: "@img/sharp-linux-x64@npm:0.33.5"
  dependencies:
    "@img/sharp-libvips-linux-x64": "npm:1.0.4"
  dependenciesMeta:
    "@img/sharp-libvips-linux-x64":
      optional: true
  conditions: os=linux & cpu=x64 & libc=glibc
  languageName: node
  linkType: hard

"@img/sharp-linuxmusl-arm64@npm:0.33.5":
  version: 0.33.5
  resolution: "@img/sharp-linuxmusl-arm64@npm:0.33.5"
  dependencies:
    "@img/sharp-libvips-linuxmusl-arm64": "npm:1.0.4"
  dependenciesMeta:
    "@img/sharp-libvips-linuxmusl-arm64":
      optional: true
  conditions: os=linux & cpu=arm64 & libc=musl
  languageName: node
  linkType: hard

"@img/sharp-linuxmusl-x64@npm:0.33.5":
  version: 0.33.5
  resolution: "@img/sharp-linuxmusl-x64@npm:0.33.5"
  dependencies:
    "@img/sharp-libvips-linuxmusl-x64": "npm:1.0.4"
  dependenciesMeta:
    "@img/sharp-libvips-linuxmusl-x64":
      optional: true
  conditions: os=linux & cpu=x64 & libc=musl
  languageName: node
  linkType: hard

"@img/sharp-wasm32@npm:0.33.5":
  version: 0.33.5
  resolution: "@img/sharp-wasm32@npm:0.33.5"
  dependencies:
    "@emnapi/runtime": "npm:^1.2.0"
  conditions: cpu=wasm32
  languageName: node
  linkType: hard

"@img/sharp-win32-ia32@npm:0.33.5":
  version: 0.33.5
  resolution: "@img/sharp-win32-ia32@npm:0.33.5"
  conditions: os=win32 & cpu=ia32
  languageName: node
  linkType: hard

"@img/sharp-win32-x64@npm:0.33.5":
  version: 0.33.5
  resolution: "@img/sharp-win32-x64@npm:0.33.5"
  conditions: os=win32 & cpu=x64
  languageName: node
  linkType: hard

"@next/env@npm:15.1.2":
  version: 15.1.2
  resolution: "@next/env@npm:15.1.2"
  checksum: 10c0/07f2b258bd0e8937bfd33515c48b920491d9c281de5f1fa58c4c222dc8e7e0ad3745ca6035bfef788f07d9a39c583bc18cb0cdfbaa8c2177761d9c2bbdd9592f
  languageName: node
  linkType: hard

"@next/swc-darwin-arm64@npm:15.1.2":
  version: 15.1.2
  resolution: "@next/swc-darwin-arm64@npm:15.1.2"
  conditions: os=darwin & cpu=arm64
  languageName: node
  linkType: hard

"@next/swc-darwin-x64@npm:15.1.2":
  version: 15.1.2
  resolution: "@next/swc-darwin-x64@npm:15.1.2"
  conditions: os=darwin & cpu=x64
  languageName: node
  linkType: hard

"@next/swc-linux-arm64-gnu@npm:15.1.2":
  version: 15.1.2
  resolution: "@next/swc-linux-arm64-gnu@npm:15.1.2"
  conditions: os=linux & cpu=arm64 & libc=glibc
  languageName: node
  linkType: hard

"@next/swc-linux-arm64-musl@npm:15.1.2":
  version: 15.1.2
  resolution: "@next/swc-linux-arm64-musl@npm:15.1.2"
  conditions: os=linux & cpu=arm64 & libc=musl
  languageName: node
  linkType: hard

"@next/swc-linux-x64-gnu@npm:15.1.2":
  version: 15.1.2
  resolution: "@next/swc-linux-x64-gnu@npm:15.1.2"
  conditions: os=linux & cpu=x64 & libc=glibc
  languageName: node
  linkType: hard

"@next/swc-linux-x64-musl@npm:15.1.2":
  version: 15.1.2
  resolution: "@next/swc-linux-x64-musl@npm:15.1.2"
  conditions: os=linux & cpu=x64 & libc=musl
  languageName: node
  linkType: hard

"@next/swc-win32-arm64-msvc@npm:15.1.2":
  version: 15.1.2
  resolution: "@next/swc-win32-arm64-msvc@npm:15.1.2"
  conditions: os=win32 & cpu=arm64
  languageName: node
  linkType: hard

"@next/swc-win32-x64-msvc@npm:15.1.2":
  version: 15.1.2
  resolution: "@next/swc-win32-x64-msvc@npm:15.1.2"
  conditions: os=win32 & cpu=x64
  languageName: node
  linkType: hard

"@swc/counter@npm:0.1.3":
  version: 0.1.3
  resolution: "@swc/counter@npm:0.1.3"
  checksum: 10c0/8424f60f6bf8694cfd2a9bca45845bce29f26105cda8cf19cdb9fd3e78dc6338699e4db77a89ae449260bafa1cc6bec307e81e7fb96dbf7dcfce0eea55151356
  languageName: node
  linkType: hard

"@swc/helpers@npm:0.5.15":
  version: 0.5.15
  resolution: "@swc/helpers@npm:0.5.15"
  dependencies:
    tslib: "npm:^2.8.0"
  checksum: 10c0/33002f74f6f885f04c132960835fdfc474186983ea567606db62e86acd0680ca82f34647e8e610f4e1e422d1c16fce729dde22cd3b797ab1fd9061a825dabca4
  languageName: node
  linkType: hard

"busboy@npm:1.6.0":
  version: 1.6.0
  resolution: "busboy@npm:1.6.0"
  dependencies:
    streamsearch: "npm:^1.1.0"
  checksum: 10c0/fa7e836a2b82699b6e074393428b91ae579d4f9e21f5ac468e1b459a244341d722d2d22d10920cdd849743dbece6dca11d72de939fb75a7448825cf2babfba1f
  languageName: node
  linkType: hard

"caniuse-lite@npm:^1.0.30001579":
  version: 1.0.30001690
  resolution: "caniuse-lite@npm:1.0.30001690"
  checksum: 10c0/646bd469032afa90400a84dec30a2b00a6eda62c03ead358117e3f884cda8aacec02ec058a6dbee5eaf9714f83e483b9b0eb4fb42febb8076569f5ca40f1d347
  languageName: node
  linkType: hard

"client-only@npm:0.0.1":
  version: 0.0.1
  resolution: "client-only@npm:0.0.1"
  checksum: 10c0/9d6cfd0c19e1c96a434605added99dff48482152af791ec4172fb912a71cff9027ff174efd8cdb2160cc7f377543e0537ffc462d4f279bc4701de3f2a3c4b358
  languageName: node
  linkType: hard

"color-convert@npm:^2.0.1":
  version: 2.0.1
  resolution: "color-convert@npm:2.0.1"
  dependencies:
    color-name: "npm:~1.1.4"
  checksum: 10c0/37e1150172f2e311fe1b2df62c6293a342ee7380da7b9cfdba67ea539909afbd74da27033208d01d6d5cfc65ee7868a22e18d7e7648e004425441c0f8a15a7d7
  languageName: node
  linkType: hard

"color-name@npm:^1.0.0, color-name@npm:~1.1.4":
  version: 1.1.4
  resolution: "color-name@npm:1.1.4"
  checksum: 10c0/a1a3f914156960902f46f7f56bc62effc6c94e84b2cae157a526b1c1f74b677a47ec602bf68a61abfa2b42d15b7c5651c6dbe72a43af720bc588dff885b10f95
  languageName: node
  linkType: hard

"color-string@npm:^1.9.0":
  version: 1.9.1
  resolution: "color-string@npm:1.9.1"
  dependencies:
    color-name: "npm:^1.0.0"
    simple-swizzle: "npm:^0.2.2"
  checksum: 10c0/b0bfd74c03b1f837f543898b512f5ea353f71630ccdd0d66f83028d1f0924a7d4272deb278b9aef376cacf1289b522ac3fb175e99895283645a2dc3a33af2404
  languageName: node
  linkType: hard

"color@npm:^4.2.3":
  version: 4.2.3
  resolution: "color@npm:4.2.3"
  dependencies:
    color-convert: "npm:^2.0.1"
    color-string: "npm:^1.9.0"
  checksum: 10c0/7fbe7cfb811054c808349de19fb380252e5e34e61d7d168ec3353e9e9aacb1802674bddc657682e4e9730c2786592a4de6f8283e7e0d3870b829bb0b7b2f6118
  languageName: node
  linkType: hard

"detect-libc@npm:^2.0.3":
  version: 2.0.3
  resolution: "detect-libc@npm:2.0.3"
  checksum: 10c0/88095bda8f90220c95f162bf92cad70bd0e424913e655c20578600e35b91edc261af27531cf160a331e185c0ced93944bc7e09939143225f56312d7fd800fdb7
  languageName: node
  linkType: hard

"is-arrayish@npm:^0.3.1":
  version: 0.3.2
  resolution: "is-arrayish@npm:0.3.2"
  checksum: 10c0/f59b43dc1d129edb6f0e282595e56477f98c40278a2acdc8b0a5c57097c9eff8fe55470493df5775478cf32a4dc8eaf6d3a749f07ceee5bc263a78b2434f6a54
  languageName: node
  linkType: hard

"nanoid@npm:^3.3.6":
  version: 3.3.8
  resolution: "nanoid@npm:3.3.8"
  bin:
    nanoid: bin/nanoid.cjs
  checksum: 10c0/4b1bb29f6cfebf3be3bc4ad1f1296fb0a10a3043a79f34fbffe75d1621b4318319211cd420549459018ea3592f0d2f159247a6f874911d6d26eaaadda2478120
  languageName: node
  linkType: hard

"next@npm:latest":
  version: 15.1.2
  resolution: "next@npm:15.1.2"
  dependencies:
    "@next/env": "npm:15.1.2"
    "@next/swc-darwin-arm64": "npm:15.1.2"
    "@next/swc-darwin-x64": "npm:15.1.2"
    "@next/swc-linux-arm64-gnu": "npm:15.1.2"
    "@next/swc-linux-arm64-musl": "npm:15.1.2"
    "@next/swc-linux-x64-gnu": "npm:15.1.2"
    "@next/swc-linux-x64-musl": "npm:15.1.2"
    "@next/swc-win32-arm64-msvc": "npm:15.1.2"
    "@next/swc-win32-x64-msvc": "npm:15.1.2"
    "@swc/counter": "npm:0.1.3"
    "@swc/helpers": "npm:0.5.15"
    busboy: "npm:1.6.0"
    caniuse-lite: "npm:^1.0.30001579"
    postcss: "npm:8.4.31"
    sharp: "npm:^0.33.5"
    styled-jsx: "npm:5.1.6"
  peerDependencies:
    "@opentelemetry/api": ^1.1.0
    "@playwright/test": ^1.41.2
    babel-plugin-react-compiler: "*"
    react: ^18.2.0 || 19.0.0-rc-de68d2f4-20241204 || ^19.0.0
    react-dom: ^18.2.0 || 19.0.0-rc-de68d2f4-20241204 || ^19.0.0
    sass: ^1.3.0
  dependenciesMeta:
    "@next/swc-darwin-arm64":
      optional: true
    "@next/swc-darwin-x64":
      optional: true
    "@next/swc-linux-arm64-gnu":
      optional: true
    "@next/swc-linux-arm64-musl":
      optional: true
    "@next/swc-linux-x64-gnu":
      optional: true
    "@next/swc-linux-x64-musl":
      optional: true
    "@next/swc-win32-arm64-msvc":
      optional: true
    "@next/swc-win32-x64-msvc":
      optional: true
    sharp:
      optional: true
  peerDependenciesMeta:
    "@opentelemetry/api":
      optional: true
    "@playwright/test":
      optional: true
    babel-plugin-react-compiler:
      optional: true
    sass:
      optional: true
  bin:
    next: dist/bin/next
  checksum: 10c0/320b949336fa41210ebe5cee66fce7edb4dc3474b438898590e43f6dfe30212620b090801d6f8cc4d37bfb54cb316680f65b58110cc8885f8c2b108a80e4ecee
  languageName: node
  linkType: hard

"picocolors@npm:^1.0.0":
  version: 1.1.1
  resolution: "picocolors@npm:1.1.1"
  checksum: 10c0/e2e3e8170ab9d7c7421969adaa7e1b31434f789afb9b3f115f6b96d91945041ac3ceb02e9ec6fe6510ff036bcc0bf91e69a1772edc0b707e12b19c0f2d6bcf58
  languageName: node
  linkType: hard

"postcss@npm:8.4.31":
  version: 8.4.31
  resolution: "postcss@npm:8.4.31"
  dependencies:
    nanoid: "npm:^3.3.6"
    picocolors: "npm:^1.0.0"
    source-map-js: "npm:^1.0.2"
  checksum: 10c0/748b82e6e5fc34034dcf2ae88ea3d11fd09f69b6c50ecdd3b4a875cfc7cdca435c958b211e2cb52355422ab6fccb7d8f2f2923161d7a1b281029e4a913d59acf
  languageName: node
  linkType: hard

"react-dom@npm:latest":
  version: 19.0.0
  resolution: "react-dom@npm:19.0.0"
  dependencies:
    scheduler: "npm:^0.25.0"
  peerDependencies:
    react: ^19.0.0
  checksum: 10c0/a36ce7ab507b237ae2759c984cdaad4af4096d8199fb65b3815c16825e5cfeb7293da790a3fc2184b52bfba7ba3ff31c058c01947aff6fd1a3701632aabaa6a9
  languageName: node
  linkType: hard

"react@npm:latest":
  version: 19.0.0
  resolution: "react@npm:19.0.0"
  checksum: 10c0/9cad8f103e8e3a16d15cb18a0d8115d8bd9f9e1ce3420310aea381eb42aa0a4f812cf047bb5441349257a05fba8a291515691e3cb51267279b2d2c3253f38471
  languageName: node
  linkType: hard

"scheduler@npm:^0.25.0":
  version: 0.25.0
  resolution: "scheduler@npm:0.25.0"
  checksum: 10c0/a4bb1da406b613ce72c1299db43759526058fdcc413999c3c3e0db8956df7633acf395cb20eb2303b6a65d658d66b6585d344460abaee8080b4aa931f10eaafe
  languageName: node
  linkType: hard

"semver@npm:^7.6.3":
  version: 7.6.3
  resolution: "semver@npm:7.6.3"
  bin:
    semver: bin/semver.js
  checksum: 10c0/88f33e148b210c153873cb08cfe1e281d518aaa9a666d4d148add6560db5cd3c582f3a08ccb91f38d5f379ead256da9931234ed122057f40bb5766e65e58adaf
  languageName: node
  linkType: hard

"sharp@npm:^0.33.5":
  version: 0.33.5
  resolution: "sharp@npm:0.33.5"
  dependencies:
    "@img/sharp-darwin-arm64": "npm:0.33.5"
    "@img/sharp-darwin-x64": "npm:0.33.5"
    "@img/sharp-libvips-darwin-arm64": "npm:1.0.4"
    "@img/sharp-libvips-darwin-x64": "npm:1.0.4"
    "@img/sharp-libvips-linux-arm": "npm:1.0.5"
    "@img/sharp-libvips-linux-arm64": "npm:1.0.4"
    "@img/sharp-libvips-linux-s390x": "npm:1.0.4"
    "@img/sharp-libvips-linux-x64": "npm:1.0.4"
    "@img/sharp-libvips-linuxmusl-arm64": "npm:1.0.4"
    "@img/sharp-libvips-linuxmusl-x64": "npm:1.0.4"
    "@img/sharp-linux-arm": "npm:0.33.5"
    "@img/sharp-linux-arm64": "npm:0.33.5"
    "@img/sharp-linux-s390x": "npm:0.33.5"
    "@img/sharp-linux-x64": "npm:0.33.5"
    "@img/sharp-linuxmusl-arm64": "npm:0.33.5"
    "@img/sharp-linuxmusl-x64": "npm:0.33.5"
    "@img/sharp-wasm32": "npm:0.33.5"
    "@img/sharp-win32-ia32": "npm:0.33.5"
    "@img/sharp-win32-x64": "npm:0.33.5"
    color: "npm:^4.2.3"
    detect-libc: "npm:^2.0.3"
    semver: "npm:^7.6.3"
  dependenciesMeta:
    "@img/sharp-darwin-arm64":
      optional: true
    "@img/sharp-darwin-x64":
      optional: true
    "@img/sharp-libvips-darwin-arm64":
      optional: true
    "@img/sharp-libvips-darwin-x64":
      optional: true
    "@img/sharp-libvips-linux-arm":
      optional: true
    "@img/sharp-libvips-linux-arm64":
      optional: true
    "@img/sharp-libvips-linux-s390x":
      optional: true
    "@img/sharp-libvips-linux-x64":
      optional: true
    "@img/sharp-libvips-linuxmusl-arm64":
      optional: true
    "@img/sharp-libvips-linuxmusl-x64":
      optional: true
    "@img/sharp-linux-arm":
      optional: true
    "@img/sharp-linux-arm64":
      optional: true
    "@img/sharp-linux-s390x":
      optional: true
    "@img/sharp-linux-x64":
      optional: true
    "@img/sharp-linuxmusl-arm64":
      optional: true
    "@img/sharp-linuxmusl-x64":
      optional: true
    "@img/sharp-wasm32":
      optional: true
    "@img/sharp-win32-ia32":
      optional: true
    "@img/sharp-win32-x64":
      optional: true
  checksum: 10c0/6b81421ddfe6ee524d8d77e325c5e147fef22884e1c7b1656dfd89a88d7025894115da02d5f984261bf2e6daa16f98cadd1721c4ba408b4212b1d2a60f233484
  languageName: node
  linkType: hard

"simple-swizzle@npm:^0.2.2":
  version: 0.2.2
  resolution: "simple-swizzle@npm:0.2.2"
  dependencies:
    is-arrayish: "npm:^0.3.1"
  checksum: 10c0/df5e4662a8c750bdba69af4e8263c5d96fe4cd0f9fe4bdfa3cbdeb45d2e869dff640beaaeb1ef0e99db4d8d2ec92f85508c269f50c972174851bc1ae5bd64308
  languageName: node
  linkType: hard

"source-map-js@npm:^1.0.2":
  version: 1.2.1
  resolution: "source-map-js@npm:1.2.1"
  checksum: 10c0/7bda1fc4c197e3c6ff17de1b8b2c20e60af81b63a52cb32ec5a5d67a20a7d42651e2cb34ebe93833c5a2a084377e17455854fee3e21e7925c64a51b6a52b0faf
  languageName: node
  linkType: hard

"streamsearch@npm:^1.1.0":
  version: 1.1.0
  resolution: "streamsearch@npm:1.1.0"
  checksum: 10c0/fbd9aecc2621364384d157f7e59426f4bfd385e8b424b5aaa79c83a6f5a1c8fd2e4e3289e95de1eb3511cb96bb333d6281a9919fafce760e4edb35b2cd2facab
  languageName: node
  linkType: hard

"styled-jsx@npm:5.1.6":
  version: 5.1.6
  resolution: "styled-jsx@npm:5.1.6"
  dependencies:
    client-only: "npm:0.0.1"
  peerDependencies:
    react: ">= 16.8.0 || 17.x.x || ^18.0.0-0 || ^19.0.0-0"
  peerDependenciesMeta:
    "@babel/core":
      optional: true
    babel-plugin-macros:
      optional: true
  checksum: 10c0/ace50e7ea5ae5ae6a3b65a50994c51fca6ae7df9c7ecfd0104c36be0b4b3a9c5c1a2374d16e2a11e256d0b20be6d47256d768ecb4f91ab390f60752a075780f5
  languageName: node
  linkType: hard

"tslib@npm:^2.4.0, tslib@npm:^2.8.0":
  version: 2.8.1
  resolution: "tslib@npm:2.8.1"
  checksum: 10c0/9c4759110a19c53f992d9aae23aac5ced636e99887b51b9e61def52611732872ff7668757d4e4c61f19691e36f4da981cd9485e869b4a7408d689f6bf1f14e62
  languageName: node
  linkType: hard

"yarn4@workspace:.":
  version: 0.0.0-use.local
  resolution: "yarn4@workspace:."
  dependencies:
    next: "npm:latest"
    react: "npm:latest"
    react-dom: "npm:latest"
  languageName: unknown
  linkType: soft
